
Microsoft Visual Studio Solution File, Format Version 12.00
# Visual Studio Version 16
VisualStudioVersion = 16.0.31624.102
MinimumVisualStudioVersion = 10.0.40219.1
Project("{FAE04EC0-301F-11D3-BF4B-00C04F79EFBC}") = "Lesson01ForLoops", "Lesson01ForLoops\Lesson01ForLoops.csproj", "{9A5DD086-A950-4487-B26A-CE73808282D6}"
EndProject
Project("{FAE04EC0-301F-11D3-BF4B-00C04F79EFBC}") = "Lesson02DoWhileLoop", "Lesson02DoWhileLoop\Lesson02DoWhileLoop.csproj", "{0E3C1BF2-01DE-4371-BF12-107F42FA818A}"
EndProject
Global
	GlobalSection(SolutionConfigurationPlatforms) = preSolution
		Debug|Any CPU = Debug|Any CPU
		Release|Any CPU = Release|Any CPU
	EndGlobalSection
	GlobalSection(ProjectConfigurationPlatforms) = postSolution
		{9A5DD086-A950-4487-B26A-CE73808282D6}.Debug|Any CPU.ActiveCfg = Debug|Any CPU
		{9A5DD086-A950-4487-B26A-CE73808282D6}.Debug|Any CPU.Build.0 = Debug|Any CPU
		{9A5DD086-A950-4487-B26A-CE73808282D6}.Release|Any CPU.ActiveCfg = Release|Any CPU
		{9A5DD086-A950-4487-B26A-CE73808282D6}.Release|Any CPU.Build.0 = Release|Any CPU
		{0E3C1BF2-01DE-4371-BF12-107F42FA818A}.Debug|Any CPU.ActiveCfg = Debug|Any CPU
		{0E3C1BF2-01DE-4371-BF12-107F42FA818A}.Debug|Any CPU.Build.0 = Debug|Any CPU
		{0E3C1BF2-01DE-4371-BF12-107F42FA818A}.Release|Any CPU.ActiveCfg = Release|Any CPU
		{0E3C1BF2-01DE-4371-BF12-107F42FA818A}.Release|Any CPU.Build.0 = Release|Any CPU
	EndGlobalSection
	GlobalSection(SolutionProperties) = preSolution
		HideSolutionNode = FALSE
	EndGlobalSection
	GlobalSection(ExtensibilityGlobals) = postSolution
		SolutionGuid = {A39C5BBD-C321-48D4-B030-E62C344F4787}
	EndGlobalSection
EndGlobal
